
Microsoft Visual Studio Solution File, Format Version 12.00
# Visual Studio Version 16
VisualStudioVersion = 16.0.31702.278
MinimumVisualStudioVersion = 10.0.40219.1
Project("{FAE04EC0-301F-11D3-BF4B-00C04F79EFBC}") = "Day11And12CommercialDataProcessing", "Day11And12CommercialDataProcessing.csproj", "{A2979BB8-6554-4281-AD82-8A8066AD39CA}"
EndProject
Global
	GlobalSection(SolutionConfigurationPlatforms) = preSolution
		Debug|Any CPU = Debug|Any CPU
		Release|Any CPU = Release|Any CPU
	EndGlobalSection
	GlobalSection(ProjectConfigurationPlatforms) = postSolution
		{A2979BB8-6554-4281-AD82-8A8066AD39CA}.Debug|Any CPU.ActiveCfg = Debug|Any CPU
		{A2979BB8-6554-4281-AD82-8A8066AD39CA}.Debug|Any CPU.Build.0 = Debug|Any CPU
		{A2979BB8-6554-4281-AD82-8A8066AD39CA}.Release|Any CPU.ActiveCfg = Release|Any CPU
		{A2979BB8-6554-4281-AD82-8A8066AD39CA}.Release|Any CPU.Build.0 = Release|Any CPU
	EndGlobalSection
	GlobalSection(SolutionProperties) = preSolution
		HideSolutionNode = FALSE
	EndGlobalSection
	GlobalSection(ExtensibilityGlobals) = postSolution
		SolutionGuid = {9D2BDE2D-9262-4235-B64E-3387BD6D6026}
	EndGlobalSection
EndGlobal
